
Microsoft Visual Studio Solution File, Format Version 12.00
# Visual Studio Version 16
VisualStudioVersion = 16.0.29215.179
MinimumVisualStudioVersion = 10.0.40219.1
Project("{FAE04EC0-301F-11D3-BF4B-00C04F79EFBC}") = "PowerliftingCapstone", "PowerliftingCapstone\PowerliftingCapstone.csproj", "{48582DAC-2FC1-474B-9CD3-7B8E4A8E4FA1}"
EndProject
Global
	GlobalSection(SolutionConfigurationPlatforms) = preSolution
		Debug|Any CPU = Debug|Any CPU
		Release|Any CPU = Release|Any CPU
	EndGlobalSection
	GlobalSection(ProjectConfigurationPlatforms) = postSolution
		{48582DAC-2FC1-474B-9CD3-7B8E4A8E4FA1}.Debug|Any CPU.ActiveCfg = Debug|Any CPU
		{48582DAC-2FC1-474B-9CD3-7B8E4A8E4FA1}.Debug|Any CPU.Build.0 = Debug|Any CPU
		{48582DAC-2FC1-474B-9CD3-7B8E4A8E4FA1}.Release|Any CPU.ActiveCfg = Release|Any CPU
		{48582DAC-2FC1-474B-9CD3-7B8E4A8E4FA1}.Release|Any CPU.Build.0 = Release|Any CPU
	EndGlobalSection
	GlobalSection(SolutionProperties) = preSolution
		HideSolutionNode = FALSE
	EndGlobalSection
	GlobalSection(ExtensibilityGlobals) = postSolution
		SolutionGuid = {04A36B41-755D-437C-ABE3-80BE87F43400}
	EndGlobalSection
EndGlobal
